// !$*UTF8*$!
{
	archiveVersion = 1;
	classes = {
	};
	objectVersion = 56;
	objects = {

/* Begin PBXBuildFile section */
		A825F97229DD8C96006F96F1 /* AppDelegate.swift in Sources */ = {isa = PBXBuildFile; fileRef = A825F97129DD8C96006F96F1 /* AppDelegate.swift */; };
		A825F97429DD8C96006F96F1 /* SceneDelegate.swift in Sources */ = {isa = PBXBuildFile; fileRef = A825F97329DD8C96006F96F1 /* SceneDelegate.swift */; };
		A825F97629DD8C96006F96F1 /* ViewController.swift in Sources */ = {isa = PBXBuildFile; fileRef = A825F97529DD8C96006F96F1 /* ViewController.swift */; };
		A825F97929DD8C96006F96F1 /* Main.storyboard in Resources */ = {isa = PBXBuildFile; fileRef = A825F97729DD8C96006F96F1 /* Main.storyboard */; };
		A825F97B29DD8C98006F96F1 /* Assets.xcassets in Resources */ = {isa = PBXBuildFile; fileRef = A825F97A29DD8C98006F96F1 /* Assets.xcassets */; };
		A825F97E29DD8C98006F96F1 /* LaunchScreen.storyboard in Resources */ = {isa = PBXBuildFile; fileRef = A825F97C29DD8C98006F96F1 /* LaunchScreen.storyboard */; };
		A825F98929DD8C98006F96F1 /* CryptoKitDemoTests.swift in Sources */ = {isa = PBXBuildFile; fileRef = A825F98829DD8C98006F96F1 /* CryptoKitDemoTests.swift */; };
		A825F99329DD8C98006F96F1 /* CryptoKitDemoUITests.swift in Sources */ = {isa = PBXBuildFile; fileRef = A825F99229DD8C98006F96F1 /* CryptoKitDemoUITests.swift */; };
		A825F99529DD8C98006F96F1 /* CryptoKitDemoUITestsLaunchTests.swift in Sources */ = {isa = PBXBuildFile; fileRef = A825F99429DD8C98006F96F1 /* CryptoKitDemoUITestsLaunchTests.swift */; };
		A825F9A229DD908E006F96F1 /* testImage.png in Resources */ = {isa = PBXBuildFile; fileRef = A825F9A129DD908E006F96F1 /* testImage.png */; };
/* End PBXBuildFile section */

/* Begin PBXContainerItemProxy section */
		A825F98529DD8C98006F96F1 /* PBXContainerItemProxy */ = {
			isa = PBXContainerItemProxy;
			containerPortal = A825F96629DD8C96006F96F1 /* Project object */;
			proxyType = 1;
			remoteGlobalIDString = A825F96D29DD8C96006F96F1;
			remoteInfo = CryptoKitDemo;
		};
		A825F98F29DD8C98006F96F1 /* PBXContainerItemProxy */ = {
			isa = PBXContainerItemProxy;
			containerPortal = A825F96629DD8C96006F96F1 /* Project object */;
			proxyType = 1;
			remoteGlobalIDString = A825F96D29DD8C96006F96F1;
			remoteInfo = CryptoKitDemo;
		};
/* End PBXContainerItemProxy section */

/* Begin PBXFileReference section */
		A825F96E29DD8C96006F96F1 /* CryptoKitDemo.app */ = {isa = PBXFileReference; explicitFileType = wrapper.application; includeInIndex = 0; path = CryptoKitDemo.app; sourceTree = BUILT_PRODUCTS_DIR; };
		A825F97129DD8C96006F96F1 /* AppDelegate.swift */ = {isa = PBXFileReference; lastKnownFileType = sourcecode.swift; path = AppDelegate.swift; sourceTree = "<group>"; };
		A825F97329DD8C96006F96F1 /* SceneDelegate.swift */ = {isa = PBXFileReference; lastKnownFileType = sourcecode.swift; path = SceneDelegate.swift; sourceTree = "<group>"; };
		A825F97529DD8C96006F96F1 /* ViewController.swift */ = {isa = PBXFileReference; lastKnownFileType = sourcecode.swift; path = ViewController.swift; sourceTree = "<group>"; };
		A825F97829DD8C96006F96F1 /* Base */ = {isa = PBXFileReference; lastKnownFileType = file.storyboard; name = Base; path = Base.lproj/Main.storyboard; sourceTree = "<group>"; };
		A825F97A29DD8C98006F96F1 /* Assets.xcassets */ = {isa = PBXFileReference; lastKnownFileType = folder.assetcatalog; path = Assets.xcassets; sourceTree = "<group>"; };
		A825F97D29DD8C98006F96F1 /* Base */ = {isa = PBXFileReference; lastKnownFileType = file.storyboard; name = Base; path = Base.lproj/LaunchScreen.storyboard; sourceTree = "<group>"; };
		A825F97F29DD8C98006F96F1 /* Info.plist */ = {isa = PBXFileReference; lastKnownFileType = text.plist.xml; path = Info.plist; sourceTree = "<group>"; };
		A825F98429DD8C98006F96F1 /* CryptoKitDemoTests.xctest */ = {isa = PBXFileReference; explicitFileType = wrapper.cfbundle; includeInIndex = 0; path = CryptoKitDemoTests.xctest; sourceTree = BUILT_PRODUCTS_DIR; };
		A825F98829DD8C98006F96F1 /* CryptoKitDemoTests.swift */ = {isa = PBXFileReference; lastKnownFileType = sourcecode.swift; path = CryptoKitDemoTests.swift; sourceTree = "<group>"; };
		A825F98E29DD8C98006F96F1 /* CryptoKitDemoUITests.xctest */ = {isa = PBXFileReference; explicitFileType = wrapper.cfbundle; includeInIndex = 0; path = CryptoKitDemoUITests.xctest; sourceTree = BUILT_PRODUCTS_DIR; };
		A825F99229DD8C98006F96F1 /* CryptoKitDemoUITests.swift */ = {isa = PBXFileReference; lastKnownFileType = sourcecode.swift; path = CryptoKitDemoUITests.swift; sourceTree = "<group>"; };
		A825F99429DD8C98006F96F1 /* CryptoKitDemoUITestsLaunchTests.swift */ = {isa = PBXFileReference; lastKnownFileType = sourcecode.swift; path = CryptoKitDemoUITestsLaunchTests.swift; sourceTree = "<group>"; };
		A825F9A129DD908E006F96F1 /* testImage.png */ = {isa = PBXFileReference; lastKnownFileType = image.png; path = testImage.png; sourceTree = "<group>"; };
/* End PBXFileReference section */

/* Begin PBXFrameworksBuildPhase section */
		A825F96B29DD8C96006F96F1 /* Frameworks */ = {
			isa = PBXFrameworksBuildPhase;
			buildActionMask = 2147483647;
			files = (
			);
			runOnlyForDeploymentPostprocessing = 0;
		};
		A825F98129DD8C98006F96F1 /* Frameworks */ = {
			isa = PBXFrameworksBuildPhase;
			buildActionMask = 2147483647;
			files = (
			);
			runOnlyForDeploymentPostprocessing = 0;
		};
		A825F98B29DD8C98006F96F1 /* Frameworks */ = {
			isa = PBXFrameworksBuildPhase;
			buildActionMask = 2147483647;
			files = (
			);
			runOnlyForDeploymentPostprocessing = 0;
		};
/* End PBXFrameworksBuildPhase section */

/* Begin PBXGroup section */
		A825F96529DD8C96006F96F1 = {
			isa = PBXGroup;
			children = (
				A825F97029DD8C96006F96F1 /* CryptoKitDemo */,
				A825F98729DD8C98006F96F1 /* CryptoKitDemoTests */,
				A825F99129DD8C98006F96F1 /* CryptoKitDemoUITests */,
				A825F96F29DD8C96006F96F1 /* Products */,
			);
			sourceTree = "<group>";
		};
		A825F96F29DD8C96006F96F1 /* Products */ = {
			isa = PBXGroup;
			children = (
				A825F96E29DD8C96006F96F1 /* CryptoKitDemo.app */,
				A825F98429DD8C98006F96F1 /* CryptoKitDemoTests.xctest */,
				A825F98E29DD8C98006F96F1 /* CryptoKitDemoUITests.xctest */,
			);
			name = Products;
			sourceTree = "<group>";
		};
		A825F97029DD8C96006F96F1 /* CryptoKitDemo */ = {
			isa = PBXGroup;
			children = (
				A825F97129DD8C96006F96F1 /* AppDelegate.swift */,
				A825F97329DD8C96006F96F1 /* SceneDelegate.swift */,
				A825F97529DD8C96006F96F1 /* ViewController.swift */,
				A825F97729DD8C96006F96F1 /* Main.storyboard */,
				A825F97A29DD8C98006F96F1 /* Assets.xcassets */,
				A825F9A129DD908E006F96F1 /* testImage.png */,
				A825F97C29DD8C98006F96F1 /* LaunchScreen.storyboard */,
				A825F97F29DD8C98006F96F1 /* Info.plist */,
			);
			path = CryptoKitDemo;
			sourceTree = "<group>";
		};
		A825F98729DD8C98006F96F1 /* CryptoKitDemoTests */ = {
			isa = PBXGroup;
			children = (
				A825F98829DD8C98006F96F1 /* CryptoKitDemoTests.swift */,
			);
			path = CryptoKitDemoTests;
			sourceTree = "<group>";
		};
		A825F99129DD8C98006F96F1 /* CryptoKitDemoUITests */ = {
			isa = PBXGroup;
			children = (
				A825F99229DD8C98006F96F1 /* CryptoKitDemoUITests.swift */,
				A825F99429DD8C98006F96F1 /* CryptoKitDemoUITestsLaunchTests.swift */,
			);
			path = CryptoKitDemoUITests;
			sourceTree = "<group>";
		};
/* End PBXGroup section */

/* Begin PBXNativeTarget section */
		A825F96D29DD8C96006F96F1 /* CryptoKitDemo */ = {
			isa = PBXNativeTarget;
			buildConfigurationList = A825F99829DD8C98006F96F1 /* Build configuration list for PBXNativeTarget "CryptoKitDemo" */;
			buildPhases = (
				A825F96A29DD8C96006F96F1 /* Sources */,
				A825F96B29DD8C96006F96F1 /* Frameworks */,
				A825F96C29DD8C96006F96F1 /* Resources */,
			);
			buildRules = (
			);
			dependencies = (
			);
			name = CryptoKitDemo;
			productName = CryptoKitDemo;
			productReference = A825F96E29DD8C96006F96F1 /* CryptoKitDemo.app */;
			productType = "com.apple.product-type.application";
		};
		A825F98329DD8C98006F96F1 /* CryptoKitDemoTests */ = {
			isa = PBXNativeTarget;
			buildConfigurationList = A825F99B29DD8C98006F96F1 /* Build configuration list for PBXNativeTarget "CryptoKitDemoTests" */;
			buildPhases = (
				A825F98029DD8C98006F96F1 /* Sources */,
				A825F98129DD8C98006F96F1 /* Frameworks */,
				A825F98229DD8C98006F96F1 /* Resources */,
			);
			buildRules = (
			);
			dependencies = (
				A825F98629DD8C98006F96F1 /* PBXTargetDependency */,
			);
			name = CryptoKitDemoTests;
			productName = CryptoKitDemoTests;
			productReference = A825F98429DD8C98006F96F1 /* CryptoKitDemoTests.xctest */;
			productType = "com.apple.product-type.bundle.unit-test";
		};
		A825F98D29DD8C98006F96F1 /* CryptoKitDemoUITests */ = {
			isa = PBXNativeTarget;
			buildConfigurationList = A825F99E29DD8C98006F96F1 /* Build configuration list for PBXNativeTarget "CryptoKitDemoUITests" */;
			buildPhases = (
				A825F98A29DD8C98006F96F1 /* Sources */,
				A825F98B29DD8C98006F96F1 /* Frameworks */,
				A825F98C29DD8C98006F96F1 /* Resources */,
			);
			buildRules = (
			);
			dependencies = (
				A825F99029DD8C98006F96F1 /* PBXTargetDependency */,
			);
			name = CryptoKitDemoUITests;
			productName = CryptoKitDemoUITests;
			productReference = A825F98E29DD8C98006F96F1 /* CryptoKitDemoUITests.xctest */;
			productType = "com.apple.product-type.bundle.ui-testing";
		};
/* End PBXNativeTarget section */

/* Begin PBXProject section */
		A825F96629DD8C96006F96F1 /* Project object */ = {
			isa = PBXProject;
			attributes = {
				BuildIndependentTargetsInParallel = 1;
				LastSwiftUpdateCheck = 1420;
				LastUpgradeCheck = 1420;
				TargetAttributes = {
					A825F96D29DD8C96006F96F1 = {
						CreatedOnToolsVersion = 14.2;
					};
					A825F98329DD8C98006F96F1 = {
						CreatedOnToolsVersion = 14.2;
						TestTargetID = A825F96D29DD8C96006F96F1;
					};
					A825F98D29DD8C98006F96F1 = {
						CreatedOnToolsVersion = 14.2;
						TestTargetID = A825F96D29DD8C96006F96F1;
					};
				};
			};
			buildConfigurationList = A825F96929DD8C96006F96F1 /* Build configuration list for PBXProject "CryptoKitDemo" */;
			compatibilityVersion = "Xcode 14.0";
			developmentRegion = en;
			hasScannedForEncodings = 0;
			knownRegions = (
				en,
				Base,
			);
			mainGroup = A825F96529DD8C96006F96F1;
			productRefGroup = A825F96F29DD8C96006F96F1 /* Products */;
			projectDirPath = "";
			projectRoot = "";
			targets = (
				A825F96D29DD8C96006F96F1 /* CryptoKitDemo */,
				A825F98329DD8C98006F96F1 /* CryptoKitDemoTests */,
				A825F98D29DD8C98006F96F1 /* CryptoKitDemoUITests */,
			);
		};
/* End PBXProject section */

/* Begin PBXResourcesBuildPhase section */
		A825F96C29DD8C96006F96F1 /* Resources */ = {
			isa = PBXResourcesBuildPhase;
			buildActionMask = 2147483647;
			files = (
				A825F97E29DD8C98006F96F1 /* LaunchScreen.storyboard in Resources */,
				A825F97B29DD8C98006F96F1 /* Assets.xcassets in Resources */,
				A825F97929DD8C96006F96F1 /* Main.storyboard in Resources */,
			);
			runOnlyForDeploymentPostprocessing = 0;
		};
		A825F98229DD8C98006F96F1 /* Resources */ = {
			isa = PBXResourcesBuildPhase;
			buildActionMask = 2147483647;
			files = (
				A825F9A229DD908E006F96F1 /* testImage.png in Resources */,
			);
			runOnlyForDeploymentPostprocessing = 0;
		};
		A825F98C29DD8C98006F96F1 /* Resources */ = {
			isa = PBXResourcesBuildPhase;
			buildActionMask = 2147483647;
			files = (
			);
			runOnlyForDeploymentPostprocessing = 0;
		};
/* End PBXResourcesBuildPhase section */

/* Begin PBXSourcesBuildPhase section */
		A825F96A29DD8C96006F96F1 /* Sources */ = {
			isa = PBXSourcesBuildPhase;
			buildActionMask = 2147483647;
			files = (
				A825F97629DD8C96006F96F1 /* ViewController.swift in Sources */,
				A825F97229DD8C96006F96F1 /* AppDelegate.swift in Sources */,
				A825F97429DD8C96006F96F1 /* SceneDelegate.swift in Sources */,
			);
			runOnlyForDeploymentPostprocessing = 0;
		};
		A825F98029DD8C98006F96F1 /* Sources */ = {
			isa = PBXSourcesBuildPhase;
			buildActionMask = 2147483647;
			files = (
				A825F98929DD8C98006F96F1 /* CryptoKitDemoTests.swift in Sources */,
			);
			runOnlyForDeploymentPostprocessing = 0;
		};
		A825F98A29DD8C98006F96F1 /* Sources */ = {
			isa = PBXSourcesBuildPhase;
			buildActionMask = 2147483647;
			files = (
				A825F99329DD8C98006F96F1 /* CryptoKitDemoUITests.swift in Sources */,
				A825F99529DD8C98006F96F1 /* CryptoKitDemoUITestsLaunchTests.swift in Sources */,
			);
			runOnlyForDeploymentPostprocessing = 0;
		};
/* End PBXSourcesBuildPhase section */

/* Begin PBXTargetDependency section */
		A825F98629DD8C98006F96F1 /* PBXTargetDependency */ = {
			isa = PBXTargetDependency;
			target = A825F96D29DD8C96006F96F1 /* CryptoKitDemo */;
			targetProxy = A825F98529DD8C98006F96F1 /* PBXContainerItemProxy */;
		};
		A825F99029DD8C98006F96F1 /* PBXTargetDependency */ = {
			isa = PBXTargetDependency;
			target = A825F96D29DD8C96006F96F1 /* CryptoKitDemo */;
			targetProxy = A825F98F29DD8C98006F96F1 /* PBXContainerItemProxy */;
		};
/* End PBXTargetDependency section */

/* Begin PBXVariantGroup section */
		A825F97729DD8C96006F96F1 /* Main.storyboard */ = {
			isa = PBXVariantGroup;
			children = (
				A825F97829DD8C96006F96F1 /* Base */,
			);
			name = Main.storyboard;
			sourceTree = "<group>";
		};
		A825F97C29DD8C98006F96F1 /* LaunchScreen.storyboard */ = {
			isa = PBXVariantGroup;
			children = (
				A825F97D29DD8C98006F96F1 /* Base */,
			);
			name = LaunchScreen.storyboard;
			sourceTree = "<group>";
		};
/* End PBXVariantGroup section */

/* Begin XCBuildConfiguration section */
		A825F99629DD8C98006F96F1 /* Debug */ = {
			isa = XCBuildConfiguration;
			buildSettings = {
				ALWAYS_SEARCH_USER_PATHS = NO;
				CLANG_ANALYZER_NONNULL = YES;
				CLANG_ANALYZER_NUMBER_OBJECT_CONVERSION = YES_AGGRESSIVE;
				CLANG_CXX_LANGUAGE_STANDARD = "gnu++20";
				CLANG_ENABLE_MODULES = YES;
				CLANG_ENABLE_OBJC_ARC = YES;
				CLANG_ENABLE_OBJC_WEAK = YES;
				CLANG_WARN_BLOCK_CAPTURE_AUTORELEASING = YES;
				CLANG_WARN_BOOL_CONVERSION = YES;
				CLANG_WARN_COMMA = YES;
				CLANG_WARN_CONSTANT_CONVERSION = YES;
				CLANG_WARN_DEPRECATED_OBJC_IMPLEMENTATIONS = YES;
				CLANG_WARN_DIRECT_OBJC_ISA_USAGE = YES_ERROR;
				CLANG_WARN_DOCUMENTATION_COMMENTS = YES;
				CLANG_WARN_EMPTY_BODY = YES;
				CLANG_WARN_ENUM_CONVERSION = YES;
				CLANG_WARN_INFINITE_RECURSION = YES;
				CLANG_WARN_INT_CONVERSION = YES;
				CLANG_WARN_NON_LITERAL_NULL_CONVERSION = YES;
				CLANG_WARN_OBJC_IMPLICIT_RETAIN_SELF = YES;
				CLANG_WARN_OBJC_LITERAL_CONVERSION = YES;
				CLANG_WARN_OBJC_ROOT_CLASS = YES_ERROR;
				CLANG_WARN_QUOTED_INCLUDE_IN_FRAMEWORK_HEADER = YES;
				CLANG_WARN_RANGE_LOOP_ANALYSIS = YES;
				CLANG_WARN_STRICT_PROTOTYPES = YES;
				CLANG_WARN_SUSPICIOUS_MOVE = YES;
				CLANG_WARN_UNGUARDED_AVAILABILITY = YES_AGGRESSIVE;
				CLANG_WARN_UNREACHABLE_CODE = YES;
				CLANG_WARN__DUPLICATE_METHOD_MATCH = YES;
				COPY_PHASE_STRIP = NO;
				DEBUG_INFORMATION_FORMAT = dwarf;
				ENABLE_STRICT_OBJC_MSGSEND = YES;
				ENABLE_TESTABILITY = YES;
				GCC_C_LANGUAGE_STANDARD = gnu11;
				GCC_DYNAMIC_NO_PIC = NO;
				GCC_NO_COMMON_BLOCKS = YES;
				GCC_OPTIMIZATION_LEVEL = 0;
				GCC_PREPROCESSOR_DEFINITIONS = (
					"DEBUG=1",
					"$(inherited)",
				);
				GCC_WARN_64_TO_32_BIT_CONVERSION = YES;
				GCC_WARN_ABOUT_RETURN_TYPE = YES_ERROR;
				GCC_WARN_UNDECLARED_SELECTOR = YES;
				GCC_WARN_UNINITIALIZED_AUTOS = YES_AGGRESSIVE;
				GCC_WARN_UNUSED_FUNCTION = YES;
				GCC_WARN_UNUSED_VARIABLE = YES;
				IPHONEOS_DEPLOYMENT_TARGET = 16.2;
				MTL_ENABLE_DEBUG_INFO = INCLUDE_SOURCE;
				MTL_FAST_MATH = YES;
				ONLY_ACTIVE_ARCH = YES;
				SDKROOT = iphoneos;
				SWIFT_ACTIVE_COMPILATION_CONDITIONS = DEBUG;
				SWIFT_OPTIMIZATION_LEVEL = "-Onone";
			};
			name = Debug;
		};
		A825F99729DD8C98006F96F1 /* Release */ = {
			isa = XCBuildConfiguration;
			buildSettings = {
				ALWAYS_SEARCH_USER_PATHS = NO;
				CLANG_ANALYZER_NONNULL = YES;
				CLANG_ANALYZER_NUMBER_OBJECT_CONVERSION = YES_AGGRESSIVE;
				CLANG_CXX_LANGUAGE_STANDARD = "gnu++20";
				CLANG_ENABLE_MODULES = YES;
				CLANG_ENABLE_OBJC_ARC = YES;
				CLANG_ENABLE_OBJC_WEAK = YES;
				CLANG_WARN_BLOCK_CAPTURE_AUTORELEASING = YES;
				CLANG_WARN_BOOL_CONVERSION = YES;
				CLANG_WARN_COMMA = YES;
				CLANG_WARN_CONSTANT_CONVERSION = YES;
				CLANG_WARN_DEPRECATED_OBJC_IMPLEMENTATIONS = YES;
				CLANG_WARN_DIRECT_OBJC_ISA_USAGE = YES_ERROR;
				CLANG_WARN_DOCUMENTATION_COMMENTS = YES;
				CLANG_WARN_EMPTY_BODY = YES;
				CLANG_WARN_ENUM_CONVERSION = YES;
				CLANG_WARN_INFINITE_RECURSION = YES;
				CLANG_WARN_INT_CONVERSION = YES;
				CLANG_WARN_NON_LITERAL_NULL_CONVERSION = YES;
				CLANG_WARN_OBJC_IMPLICIT_RETAIN_SELF = YES;
				CLANG_WARN_OBJC_LITERAL_CONVERSION = YES;
				CLANG_WARN_OBJC_ROOT_CLASS = YES_ERROR;
				CLANG_WARN_QUOTED_INCLUDE_IN_FRAMEWORK_HEADER = YES;
				CLANG_WARN_RANGE_LOOP_ANALYSIS = YES;
				CLANG_WARN_STRICT_PROTOTYPES = YES;
				CLANG_WARN_SUSPICIOUS_MOVE = YES;
				CLANG_WARN_UNGUARDED_AVAILABILITY = YES_AGGRESSIVE;
				CLANG_WARN_UNREACHABLE_CODE = YES;
				CLANG_WARN__DUPLICATE_METHOD_MATCH = YES;
				COPY_PHASE_STRIP = NO;
				DEBUG_INFORMATION_FORMAT = "dwarf-with-dsym";
				ENABLE_NS_ASSERTIONS = NO;
				ENABLE_STRICT_OBJC_MSGSEND = YES;
				GCC_C_LANGUAGE_STANDARD = gnu11;
				GCC_NO_COMMON_BLOCKS = YES;
				GCC_WARN_64_TO_32_BIT_CONVERSION = YES;
				GCC_WARN_ABOUT_RETURN_TYPE = YES_ERROR;
				GCC_WARN_UNDECLARED_SELECTOR = YES;
				GCC_WARN_UNINITIALIZED_AUTOS = YES_AGGRESSIVE;
				GCC_WARN_UNUSED_FUNCTION = YES;
				GCC_WARN_UNUSED_VARIABLE = YES;
				IPHONEOS_DEPLOYMENT_TARGET = 16.2;
				MTL_ENABLE_DEBUG_INFO = NO;
				MTL_FAST_MATH = YES;
				SDKROOT = iphoneos;
				SWIFT_COMPILATION_MODE = wholemodule;
				SWIFT_OPTIMIZATION_LEVEL = "-O";
				VALIDATE_PRODUCT = YES;
			};
			name = Release;
		};
		A825F99929DD8C98006F96F1 /* Debug */ = {
			isa = XCBuildConfiguration;
			buildSettings = {
				ASSETCATALOG_COMPILER_APPICON_NAME = AppIcon;
				ASSETCATALOG_COMPILER_GLOBAL_ACCENT_COLOR_NAME = AccentColor;
				CODE_SIGN_STYLE = Automatic;
				CURRENT_PROJECT_VERSION = 1;
				DEVELOPMENT_TEAM = 2ACH4UKQKX;
				GENERATE_INFOPLIST_FILE = YES;
				INFOPLIST_FILE = CryptoKitDemo/Info.plist;
				INFOPLIST_KEY_UIApplicationSupportsIndirectInputEvents = YES;
				INFOPLIST_KEY_UILaunchStoryboardName = LaunchScreen;
				INFOPLIST_KEY_UIMainStoryboardFile = Main;
				INFOPLIST_KEY_UISupportedInterfaceOrientations_iPad = "UIInterfaceOrientationPortrait UIInterfaceOrientationPortraitUpsideDown UIInterfaceOrientationLandscapeLeft UIInterfaceOrientationLandscapeRight";
				INFOPLIST_KEY_UISupportedInterfaceOrientations_iPhone = "UIInterfaceOrientationPortrait UIInterfaceOrientationLandscapeLeft UIInterfaceOrientationLandscapeRight";
				LD_RUNPATH_SEARCH_PATHS = (
					"$(inherited)",
					"@executable_path/Frameworks",
				);
				MARKETING_VERSION = 1.0;
				PRODUCT_BUNDLE_IDENTIFIER = widget.com.CryptoKitDemo;
				PRODUCT_NAME = "$(TARGET_NAME)";
				SWIFT_EMIT_LOC_STRINGS = YES;
				SWIFT_VERSION = 5.0;
				TARGETED_DEVICE_FAMILY = "1,2";
			};
			name = Debug;
		};
		A825F99A29DD8C98006F96F1 /* Release */ = {
			isa = XCBuildConfiguration;
			buildSettings = {
				ASSETCATALOG_COMPILER_APPICON_NAME = AppIcon;
				ASSETCATALOG_COMPILER_GLOBAL_ACCENT_COLOR_NAME = AccentColor;
				CODE_SIGN_STYLE = Automatic;
				CURRENT_PROJECT_VERSION = 1;
				DEVELOPMENT_TEAM = 2ACH4UKQKX;
				GENERATE_INFOPLIST_FILE = YES;
				INFOPLIST_FILE = CryptoKitDemo/Info.plist;
				INFOPLIST_KEY_UIApplicationSupportsIndirectInputEvents = YES;
				INFOPLIST_KEY_UILaunchStoryboardName = LaunchScreen;
				INFOPLIST_KEY_UIMainStoryboardFile = Main;
				INFOPLIST_KEY_UISupportedInterfaceOrientations_iPad = "UIInterfaceOrientationPortrait UIInterfaceOrientationPortraitUpsideDown UIInterfaceOrientationLandscapeLeft UIInterfaceOrientationLandscapeRight";
				INFOPLIST_KEY_UISupportedInterfaceOrientations_iPhone = "UIInterfaceOrientationPortrait UIInterfaceOrientationLandscapeLeft UIInterfaceOrientationLandscapeRight";
				LD_RUNPATH_SEARCH_PATHS = (
					"$(inherited)",
					"@executable_path/Frameworks",
				);
				MARKETING_VERSION = 1.0;
				PRODUCT_BUNDLE_IDENTIFIER = widget.com.CryptoKitDemo;
				PRODUCT_NAME = "$(TARGET_NAME)";
				SWIFT_EMIT_LOC_STRINGS = YES;
				SWIFT_VERSION = 5.0;
				TARGETED_DEVICE_FAMILY = "1,2";
			};
			name = Release;
		};
		A825F99C29DD8C98006F96F1 /* Debug */ = {
			isa = XCBuildConfiguration;
			buildSettings = {
				ALWAYS_EMBED_SWIFT_STANDARD_LIBRARIES = YES;
				BUNDLE_LOADER = "$(TEST_HOST)";
				CODE_SIGN_STYLE = Automatic;
				CURRENT_PROJECT_VERSION = 1;
				DEVELOPMENT_TEAM = 2ACH4UKQKX;
				GENERATE_INFOPLIST_FILE = YES;
				IPHONEOS_DEPLOYMENT_TARGET = 16.2;
				MARKETING_VERSION = 1.0;
				PRODUCT_BUNDLE_IDENTIFIER = widget.com.CryptoKitDemoTests;
				PRODUCT_NAME = "$(TARGET_NAME)";
				SWIFT_EMIT_LOC_STRINGS = NO;
				SWIFT_VERSION = 5.0;
				TARGETED_DEVICE_FAMILY = "1,2";
				TEST_HOST = "$(BUILT_PRODUCTS_DIR)/CryptoKitDemo.app/$(BUNDLE_EXECUTABLE_FOLDER_PATH)/CryptoKitDemo";
			};
			name = Debug;
		};
		A825F99D29DD8C98006F96F1 /* Release */ = {
			isa = XCBuildConfiguration;
			buildSettings = {
				ALWAYS_EMBED_SWIFT_STANDARD_LIBRARIES = YES;
				BUNDLE_LOADER = "$(TEST_HOST)";
				CODE_SIGN_STYLE = Automatic;
				CURRENT_PROJECT_VERSION = 1;
				DEVELOPMENT_TEAM = 2ACH4UKQKX;
				GENERATE_INFOPLIST_FILE = YES;
				IPHONEOS_DEPLOYMENT_TARGET = 16.2;
				MARKETING_VERSION = 1.0;
				PRODUCT_BUNDLE_IDENTIFIER = widget.com.CryptoKitDemoTests;
				PRODUCT_NAME = "$(TARGET_NAME)";
				SWIFT_EMIT_LOC_STRINGS = NO;
				SWIFT_VERSION = 5.0;
				TARGETED_DEVICE_FAMILY = "1,2";
				TEST_HOST = "$(BUILT_PRODUCTS_DIR)/CryptoKitDemo.app/$(BUNDLE_EXECUTABLE_FOLDER_PATH)/CryptoKitDemo";
			};
			name = Release;
		};
		A825F99F29DD8C98006F96F1 /* Debug */ = {
			isa = XCBuildConfiguration;
			buildSettings = {
				ALWAYS_EMBED_SWIFT_STANDARD_LIBRARIES = YES;
				CODE_SIGN_STYLE = Automatic;
				CURRENT_PROJECT_VERSION = 1;
				DEVELOPMENT_TEAM = 2ACH4UKQKX;
				GENERATE_INFOPLIST_FILE = YES;
				MARKETING_VERSION = 1.0;
				PRODUCT_BUNDLE_IDENTIFIER = widget.com.CryptoKitDemoUITests;
				PRODUCT_NAME = "$(TARGET_NAME)";
				SWIFT_EMIT_LOC_STRINGS = NO;
				SWIFT_VERSION = 5.0;
				TARGETED_DEVICE_FAMILY = "1,2";
				TEST_TARGET_NAME = CryptoKitDemo;
			};
			name = Debug;
		};
		A825F9A029DD8C98006F96F1 /* Release */ = {
			isa = XCBuildConfiguration;
			buildSettings = {
				ALWAYS_EMBED_SWIFT_STANDARD_LIBRARIES = YES;
				CODE_SIGN_STYLE = Automatic;
				CURRENT_PROJECT_VERSION = 1;
				DEVELOPMENT_TEAM = 2ACH4UKQKX;
				GENERATE_INFOPLIST_FILE = YES;
				MARKETING_VERSION = 1.0;
				PRODUCT_BUNDLE_IDENTIFIER = widget.com.CryptoKitDemoUITests;
				PRODUCT_NAME = "$(TARGET_NAME)";
				SWIFT_EMIT_LOC_STRINGS = NO;
				SWIFT_VERSION = 5.0;
				TARGETED_DEVICE_FAMILY = "1,2";
				TEST_TARGET_NAME = CryptoKitDemo;
			};
			name = Release;
		};
/* End XCBuildConfiguration section */

/* Begin XCConfigurationList section */
		A825F96929DD8C96006F96F1 /* Build configuration list for PBXProject "CryptoKitDemo" */ = {
			isa = XCConfigurationList;
			buildConfigurations = (
				A825F99629DD8C98006F96F1 /* Debug */,
				A825F99729DD8C98006F96F1 /* Release */,
			);
			defaultConfigurationIsVisible = 0;
			defaultConfigurationName = Release;
		};
		A825F99829DD8C98006F96F1 /* Build configuration list for PBXNativeTarget "CryptoKitDemo" */ = {
			isa = XCConfigurationList;
			buildConfigurations = (
				A825F99929DD8C98006F96F1 /* Debug */,
				A825F99A29DD8C98006F96F1 /* Release */,
			);
			defaultConfigurationIsVisible = 0;
			defaultConfigurationName = Release;
		};
		A825F99B29DD8C98006F96F1 /* Build configuration list for PBXNativeTarget "CryptoKitDemoTests" */ = {
			isa = XCConfigurationList;
			buildConfigurations = (
				A825F99C29DD8C98006F96F1 /* Debug */,
				A825F99D29DD8C98006F96F1 /* Release */,
			);
			defaultConfigurationIsVisible = 0;
			defaultConfigurationName = Release;
		};
		A825F99E29DD8C98006F96F1 /* Build configuration list for PBXNativeTarget "CryptoKitDemoUITests" */ = {
			isa = XCConfigurationList;
			buildConfigurations = (
				A825F99F29DD8C98006F96F1 /* Debug */,
				A825F9A029DD8C98006F96F1 /* Release */,
			);
			defaultConfigurationIsVisible = 0;
			defaultConfigurationName = Release;
		};
/* End XCConfigurationList section */
	};
	rootObject = A825F96629DD8C96006F96F1 /* Project object */;
}
